// !$*UTF8*$!
{
	archiveVersion = 1;
	classes = {
	};
	objectVersion = 46;
	objects = {

/* Begin PBXBuildFile section */
		38FC7BA91D61FC49008F5B45 /* AppDelegate.swift in Sources */ = {isa = PBXBuildFile; fileRef = 38FC7BA81D61FC49008F5B45 /* AppDelegate.swift */; };
		38FC7BAB1D61FC49008F5B45 /* ViewController.swift in Sources */ = {isa = PBXBuildFile; fileRef = 38FC7BAA1D61FC49008F5B45 /* ViewController.swift */; };
		38FC7BAE1D61FC49008F5B45 /* Main.storyboard in Resources */ = {isa = PBXBuildFile; fileRef = 38FC7BAC1D61FC49008F5B45 /* Main.storyboard */; };
		38FC7BB01D61FC4A008F5B45 /* Assets.xcassets in Resources */ = {isa = PBXBuildFile; fileRef = 38FC7BAF1D61FC4A008F5B45 /* Assets.xcassets */; };
		38FC7BB31D61FC4A008F5B45 /* LaunchScreen.storyboard in Resources */ = {isa = PBXBuildFile; fileRef = 38FC7BB11D61FC4A008F5B45 /* LaunchScreen.storyboard */; };
		38FC7BBE1D61FC4A008F5B45 /* tdd_swift_1Tests.swift in Sources */ = {isa = PBXBuildFile; fileRef = 38FC7BBD1D61FC4A008F5B45 /* tdd_swift_1Tests.swift */; };
/* End PBXBuildFile section */

/* Begin PBXContainerItemProxy section */
		38FC7BBA1D61FC4A008F5B45 /* PBXContainerItemProxy */ = {
			isa = PBXContainerItemProxy;
			containerPortal = 38FC7B9D1D61FC49008F5B45 /* Project object */;
			proxyType = 1;
			remoteGlobalIDString = 38FC7BA41D61FC49008F5B45;
			remoteInfo = "tdd-swift-1";
		};
/* End PBXContainerItemProxy section */

/* Begin PBXFileReference section */
		38FC7BA51D61FC49008F5B45 /* tdd-swift-1.app */ = {isa = PBXFileReference; explicitFileType = wrapper.application; includeInIndex = 0; path = "tdd-swift-1.app"; sourceTree = BUILT_PRODUCTS_DIR; };
		38FC7BA81D61FC49008F5B45 /* AppDelegate.swift */ = {isa = PBXFileReference; lastKnownFileType = sourcecode.swift; path = AppDelegate.swift; sourceTree = "<group>"; };
		38FC7BAA1D61FC49008F5B45 /* ViewController.swift */ = {isa = PBXFileReference; lastKnownFileType = sourcecode.swift; path = ViewController.swift; sourceTree = "<group>"; };
		38FC7BAD1D61FC49008F5B45 /* Base */ = {isa = PBXFileReference; lastKnownFileType = file.storyboard; name = Base; path = Base.lproj/Main.storyboard; sourceTree = "<group>"; };
		38FC7BAF1D61FC4A008F5B45 /* Assets.xcassets */ = {isa = PBXFileReference; lastKnownFileType = folder.assetcatalog; path = Assets.xcassets; sourceTree = "<group>"; };
		38FC7BB21D61FC4A008F5B45 /* Base */ = {isa = PBXFileReference; lastKnownFileType = file.storyboard; name = Base; path = Base.lproj/LaunchScreen.storyboard; sourceTree = "<group>"; };
		38FC7BB41D61FC4A008F5B45 /* Info.plist */ = {isa = PBXFileReference; lastKnownFileType = text.plist.xml; path = Info.plist; sourceTree = "<group>"; };
		38FC7BB91D61FC4A008F5B45 /* tdd-swift-1Tests.xctest */ = {isa = PBXFileReference; explicitFileType = wrapper.cfbundle; includeInIndex = 0; path = "tdd-swift-1Tests.xctest"; sourceTree = BUILT_PRODUCTS_DIR; };
		38FC7BBD1D61FC4A008F5B45 /* tdd_swift_1Tests.swift */ = {isa = PBXFileReference; lastKnownFileType = sourcecode.swift; path = tdd_swift_1Tests.swift; sourceTree = "<group>"; };
		38FC7BBF1D61FC4A008F5B45 /* Info.plist */ = {isa = PBXFileReference; lastKnownFileType = text.plist.xml; path = Info.plist; sourceTree = "<group>"; };
/* End PBXFileReference section */

/* Begin PBXFrameworksBuildPhase section */
		38FC7BA21D61FC49008F5B45 /* Frameworks */ = {
			isa = PBXFrameworksBuildPhase;
			buildActionMask = 2147483647;
			files = (
			);
			runOnlyForDeploymentPostprocessing = 0;
		};
		38FC7BB61D61FC4A008F5B45 /* Frameworks */ = {
			isa = PBXFrameworksBuildPhase;
			buildActionMask = 2147483647;
			files = (
			);
			runOnlyForDeploymentPostprocessing = 0;
		};
/* End PBXFrameworksBuildPhase section */

/* Begin PBXGroup section */
		38FC7B9C1D61FC49008F5B45 = {
			isa = PBXGroup;
			children = (
				38FC7BA71D61FC49008F5B45 /* tdd-swift-1 */,
				38FC7BBC1D61FC4A008F5B45 /* tdd-swift-1Tests */,
				38FC7BA61D61FC49008F5B45 /* Products */,
			);
			sourceTree = "<group>";
		};
		38FC7BA61D61FC49008F5B45 /* Products */ = {
			isa = PBXGroup;
			children = (
				38FC7BA51D61FC49008F5B45 /* tdd-swift-1.app */,
				38FC7BB91D61FC4A008F5B45 /* tdd-swift-1Tests.xctest */,
			);
			name = Products;
			sourceTree = "<group>";
		};
		38FC7BA71D61FC49008F5B45 /* tdd-swift-1 */ = {
			isa = PBXGroup;
			children = (
				38FC7BA81D61FC49008F5B45 /* AppDelegate.swift */,
				38FC7BAA1D61FC49008F5B45 /* ViewController.swift */,
				38FC7BAC1D61FC49008F5B45 /* Main.storyboard */,
				38FC7BAF1D61FC4A008F5B45 /* Assets.xcassets */,
				38FC7BB11D61FC4A008F5B45 /* LaunchScreen.storyboard */,
				38FC7BB41D61FC4A008F5B45 /* Info.plist */,
			);
			path = "tdd-swift-1";
			sourceTree = "<group>";
		};
		38FC7BBC1D61FC4A008F5B45 /* tdd-swift-1Tests */ = {
			isa = PBXGroup;
			children = (
				38FC7BBD1D61FC4A008F5B45 /* tdd_swift_1Tests.swift */,
				38FC7BBF1D61FC4A008F5B45 /* Info.plist */,
			);
			path = "tdd-swift-1Tests";
			sourceTree = "<group>";
		};
/* End PBXGroup section */

/* Begin PBXNativeTarget section */
		38FC7BA41D61FC49008F5B45 /* tdd-swift-1 */ = {
			isa = PBXNativeTarget;
			buildConfigurationList = 38FC7BC21D61FC4A008F5B45 /* Build configuration list for PBXNativeTarget "tdd-swift-1" */;
			buildPhases = (
				38FC7BA11D61FC49008F5B45 /* Sources */,
				38FC7BA21D61FC49008F5B45 /* Frameworks */,
				38FC7BA31D61FC49008F5B45 /* Resources */,
			);
			buildRules = (
			);
			dependencies = (
			);
			name = "tdd-swift-1";
			productName = "tdd-swift-1";
			productReference = 38FC7BA51D61FC49008F5B45 /* tdd-swift-1.app */;
			productType = "com.apple.product-type.application";
		};
		38FC7BB81D61FC4A008F5B45 /* tdd-swift-1Tests */ = {
			isa = PBXNativeTarget;
			buildConfigurationList = 38FC7BC51D61FC4A008F5B45 /* Build configuration list for PBXNativeTarget "tdd-swift-1Tests" */;
			buildPhases = (
				38FC7BB51D61FC4A008F5B45 /* Sources */,
				38FC7BB61D61FC4A008F5B45 /* Frameworks */,
				38FC7BB71D61FC4A008F5B45 /* Resources */,
			);
			buildRules = (
			);
			dependencies = (
				38FC7BBB1D61FC4A008F5B45 /* PBXTargetDependency */,
			);
			name = "tdd-swift-1Tests";
			productName = "tdd-swift-1Tests";
			productReference = 38FC7BB91D61FC4A008F5B45 /* tdd-swift-1Tests.xctest */;
			productType = "com.apple.product-type.bundle.unit-test";
		};
/* End PBXNativeTarget section */

/* Begin PBXProject section */
		38FC7B9D1D61FC49008F5B45 /* Project object */ = {
			isa = PBXProject;
			attributes = {
				LastSwiftUpdateCheck = 0730;
				LastUpgradeCheck = 0730;
				ORGANIZATIONNAME = Jonny;
				TargetAttributes = {
					38FC7BA41D61FC49008F5B45 = {
						CreatedOnToolsVersion = 7.3.1;
					};
					38FC7BB81D61FC4A008F5B45 = {
						CreatedOnToolsVersion = 7.3.1;
						TestTargetID = 38FC7BA41D61FC49008F5B45;
					};
				};
			};
			buildConfigurationList = 38FC7BA01D61FC49008F5B45 /* Build configuration list for PBXProject "tdd-swift-1" */;
			compatibilityVersion = "Xcode 3.2";
			developmentRegion = English;
			hasScannedForEncodings = 0;
			knownRegions = (
				en,
				Base,
			);
			mainGroup = 38FC7B9C1D61FC49008F5B45;
			productRefGroup = 38FC7BA61D61FC49008F5B45 /* Products */;
			projectDirPath = "";
			projectRoot = "";
			targets = (
				38FC7BA41D61FC49008F5B45 /* tdd-swift-1 */,
				38FC7BB81D61FC4A008F5B45 /* tdd-swift-1Tests */,
			);
		};
/* End PBXProject section */

/* Begin PBXResourcesBuildPhase section */
		38FC7BA31D61FC49008F5B45 /* Resources */ = {
			isa = PBXResourcesBuildPhase;
			buildActionMask = 2147483647;
			files = (
				38FC7BB31D61FC4A008F5B45 /* LaunchScreen.storyboard in Resources */,
				38FC7BB01D61FC4A008F5B45 /* Assets.xcassets in Resources */,
				38FC7BAE1D61FC49008F5B45 /* Main.storyboard in Resources */,
			);
			runOnlyForDeploymentPostprocessing = 0;
		};
		38FC7BB71D61FC4A008F5B45 /* Resources */ = {
			isa = PBXResourcesBuildPhase;
			buildActionMask = 2147483647;
			files = (
			);
			runOnlyForDeploymentPostprocessing = 0;
		};
/* End PBXResourcesBuildPhase section */

/* Begin PBXSourcesBuildPhase section */
		38FC7BA11D61FC49008F5B45 /* Sources */ = {
			isa = PBXSourcesBuildPhase;
			buildActionMask = 2147483647;
			files = (
				38FC7BAB1D61FC49008F5B45 /* ViewController.swift in Sources */,
				38FC7BA91D61FC49008F5B45 /* AppDelegate.swift in Sources */,
			);
			runOnlyForDeploymentPostprocessing = 0;
		};
		38FC7BB51D61FC4A008F5B45 /* Sources */ = {
			isa = PBXSourcesBuildPhase;
			buildActionMask = 2147483647;
			files = (
				38FC7BBE1D61FC4A008F5B45 /* tdd_swift_1Tests.swift in Sources */,
			);
			runOnlyForDeploymentPostprocessing = 0;
		};
/* End PBXSourcesBuildPhase section */

/* Begin PBXTargetDependency section */
		38FC7BBB1D61FC4A008F5B45 /* PBXTargetDependency */ = {
			isa = PBXTargetDependency;
			target = 38FC7BA41D61FC49008F5B45 /* tdd-swift-1 */;
			targetProxy = 38FC7BBA1D61FC4A008F5B45 /* PBXContainerItemProxy */;
		};
/* End PBXTargetDependency section */

/* Begin PBXVariantGroup section */
		38FC7BAC1D61FC49008F5B45 /* Main.storyboard */ = {
			isa = PBXVariantGroup;
			children = (
				38FC7BAD1D61FC49008F5B45 /* Base */,
			);
			name = Main.storyboard;
			sourceTree = "<group>";
		};
		38FC7BB11D61FC4A008F5B45 /* LaunchScreen.storyboard */ = {
			isa = PBXVariantGroup;
			children = (
				38FC7BB21D61FC4A008F5B45 /* Base */,
			);
			name = LaunchScreen.storyboard;
			sourceTree = "<group>";
		};
/* End PBXVariantGroup section */

/* Begin XCBuildConfiguration section */
		38FC7BC01D61FC4A008F5B45 /* Debug */ = {
			isa = XCBuildConfiguration;
			buildSettings = {
				ALWAYS_SEARCH_USER_PATHS = NO;
				CLANG_ANALYZER_NONNULL = YES;
				CLANG_CXX_LANGUAGE_STANDARD = "gnu++0x";
				CLANG_CXX_LIBRARY = "libc++";
				CLANG_ENABLE_MODULES = YES;
				CLANG_ENABLE_OBJC_ARC = YES;
				CLANG_WARN_BOOL_CONVERSION = YES;
				CLANG_WARN_CONSTANT_CONVERSION = YES;
				CLANG_WARN_DIRECT_OBJC_ISA_USAGE = YES_ERROR;
				CLANG_WARN_EMPTY_BODY = YES;
				CLANG_WARN_ENUM_CONVERSION = YES;
				CLANG_WARN_INT_CONVERSION = YES;
				CLANG_WARN_OBJC_ROOT_CLASS = YES_ERROR;
				CLANG_WARN_UNREACHABLE_CODE = YES;
				CLANG_WARN__DUPLICATE_METHOD_MATCH = YES;
				"CODE_SIGN_IDENTITY[sdk=iphoneos*]" = "iPhone Developer";
				COPY_PHASE_STRIP = NO;
				DEBUG_INFORMATION_FORMAT = dwarf;
				ENABLE_STRICT_OBJC_MSGSEND = YES;
				ENABLE_TESTABILITY = YES;
				GCC_C_LANGUAGE_STANDARD = gnu99;
				GCC_DYNAMIC_NO_PIC = NO;
				GCC_NO_COMMON_BLOCKS = YES;
				GCC_OPTIMIZATION_LEVEL = 0;
				GCC_PREPROCESSOR_DEFINITIONS = (
					"DEBUG=1",
					"$(inherited)",
				);
				GCC_WARN_64_TO_32_BIT_CONVERSION = YES;
				GCC_WARN_ABOUT_RETURN_TYPE = YES_ERROR;
				GCC_WARN_UNDECLARED_SELECTOR = YES;
				GCC_WARN_UNINITIALIZED_AUTOS = YES_AGGRESSIVE;
				GCC_WARN_UNUSED_FUNCTION = YES;
				GCC_WARN_UNUSED_VARIABLE = YES;
				IPHONEOS_DEPLOYMENT_TARGET = 9.3;
				MTL_ENABLE_DEBUG_INFO = YES;
				ONLY_ACTIVE_ARCH = YES;
				SDKROOT = iphoneos;
				SWIFT_OPTIMIZATION_LEVEL = "-Onone";
			};
			name = Debug;
		};
		38FC7BC11D61FC4A008F5B45 /* Release */ = {
			isa = XCBuildConfiguration;
			buildSettings = {
				ALWAYS_SEARCH_USER_PATHS = NO;
				CLANG_ANALYZER_NONNULL = YES;
				CLANG_CXX_LANGUAGE_STANDARD = "gnu++0x";
				CLANG_CXX_LIBRARY = "libc++";
				CLANG_ENABLE_MODULES = YES;
				CLANG_ENABLE_OBJC_ARC = YES;
				CLANG_WARN_BOOL_CONVERSION = YES;
				CLANG_WARN_CONSTANT_CONVERSION = YES;
				CLANG_WARN_DIRECT_OBJC_ISA_USAGE = YES_ERROR;
				CLANG_WARN_EMPTY_BODY = YES;
				CLANG_WARN_ENUM_CONVERSION = YES;
				CLANG_WARN_INT_CONVERSION = YES;
				CLANG_WARN_OBJC_ROOT_CLASS = YES_ERROR;
				CLANG_WARN_UNREACHABLE_CODE = YES;
				CLANG_WARN__DUPLICATE_METHOD_MATCH = YES;
				"CODE_SIGN_IDENTITY[sdk=iphoneos*]" = "iPhone Developer";
				COPY_PHASE_STRIP = NO;
				DEBUG_INFORMATION_FORMAT = "dwarf-with-dsym";
				ENABLE_NS_ASSERTIONS = NO;
				ENABLE_STRICT_OBJC_MSGSEND = YES;
				GCC_C_LANGUAGE_STANDARD = gnu99;
				GCC_NO_COMMON_BLOCKS = YES;
				GCC_WARN_64_TO_32_BIT_CONVERSION = YES;
				GCC_WARN_ABOUT_RETURN_TYPE = YES_ERROR;
				GCC_WARN_UNDECLARED_SELECTOR = YES;
				GCC_WARN_UNINITIALIZED_AUTOS = YES_AGGRESSIVE;
				GCC_WARN_UNUSED_FUNCTION = YES;
				GCC_WARN_UNUSED_VARIABLE = YES;
				IPHONEOS_DEPLOYMENT_TARGET = 9.3;
				MTL_ENABLE_DEBUG_INFO = NO;
				SDKROOT = iphoneos;
				VALIDATE_PRODUCT = YES;
			};
			name = Release;
		};
		38FC7BC31D61FC4A008F5B45 /* Debug */ = {
			isa = XCBuildConfiguration;
			buildSettings = {
				ASSETCATALOG_COMPILER_APPICON_NAME = AppIcon;
				INFOPLIST_FILE = "tdd-swift-1/Info.plist";
				LD_RUNPATH_SEARCH_PATHS = "$(inherited) @executable_path/Frameworks";
				PRODUCT_BUNDLE_IDENTIFIER = "com.jonny.tdd-swift-1";
				PRODUCT_NAME = "$(TARGET_NAME)";
			};
			name = Debug;
		};
		38FC7BC41D61FC4A008F5B45 /* Release */ = {
			isa = XCBuildConfiguration;
			buildSettings = {
				ASSETCATALOG_COMPILER_APPICON_NAME = AppIcon;
				INFOPLIST_FILE = "tdd-swift-1/Info.plist";
				LD_RUNPATH_SEARCH_PATHS = "$(inherited) @executable_path/Frameworks";
				PRODUCT_BUNDLE_IDENTIFIER = "com.jonny.tdd-swift-1";
				PRODUCT_NAME = "$(TARGET_NAME)";
			};
			name = Release;
		};
		38FC7BC61D61FC4A008F5B45 /* Debug */ = {
			isa = XCBuildConfiguration;
			buildSettings = {
				BUNDLE_LOADER = "$(TEST_HOST)";
				INFOPLIST_FILE = "tdd-swift-1Tests/Info.plist";
				LD_RUNPATH_SEARCH_PATHS = "$(inherited) @executable_path/Frameworks @loader_path/Frameworks";
				PRODUCT_BUNDLE_IDENTIFIER = "com.jonny.tdd-swift-1Tests";
				PRODUCT_NAME = "$(TARGET_NAME)";
				TEST_HOST = "$(BUILT_PRODUCTS_DIR)/tdd-swift-1.app/tdd-swift-1";
			};
			name = Debug;
		};
		38FC7BC71D61FC4A008F5B45 /* Release */ = {
			isa = XCBuildConfiguration;
			buildSettings = {
				BUNDLE_LOADER = "$(TEST_HOST)";
				INFOPLIST_FILE = "tdd-swift-1Tests/Info.plist";
				LD_RUNPATH_SEARCH_PATHS = "$(inherited) @executable_path/Frameworks @loader_path/Frameworks";
				PRODUCT_BUNDLE_IDENTIFIER = "com.jonny.tdd-swift-1Tests";
				PRODUCT_NAME = "$(TARGET_NAME)";
				TEST_HOST = "$(BUILT_PRODUCTS_DIR)/tdd-swift-1.app/tdd-swift-1";
			};
			name = Release;
		};
/* End XCBuildConfiguration section */

/* Begin XCConfigurationList section */
		38FC7BA01D61FC49008F5B45 /* Build configuration list for PBXProject "tdd-swift-1" */ = {
			isa = XCConfigurationList;
			buildConfigurations = (
				38FC7BC01D61FC4A008F5B45 /* Debug */,
				38FC7BC11D61FC4A008F5B45 /* Release */,
			);
			defaultConfigurationIsVisible = 0;
			defaultConfigurationName = Release;
		};
		38FC7BC21D61FC4A008F5B45 /* Build configuration list for PBXNativeTarget "tdd-swift-1" */ = {
			isa = XCConfigurationList;
			buildConfigurations = (
				38FC7BC31D61FC4A008F5B45 /* Debug */,
				38FC7BC41D61FC4A008F5B45 /* Release */,
			);
			defaultConfigurationIsVisible = 0;
		};
		38FC7BC51D61FC4A008F5B45 /* Build configuration list for PBXNativeTarget "tdd-swift-1Tests" */ = {
			isa = XCConfigurationList;
			buildConfigurations = (
				38FC7BC61D61FC4A008F5B45 /* Debug */,
				38FC7BC71D61FC4A008F5B45 /* Release */,
			);
			defaultConfigurationIsVisible = 0;
		};
/* End XCConfigurationList section */
	};
	rootObject = 38FC7B9D1D61FC49008F5B45 /* Project object */;
}
